
Microsoft Visual Studio Solution File, Format Version 12.00
# Visual Studio Version 16
VisualStudioVersion = 16.0.30717.126
MinimumVisualStudioVersion = 10.0.40219.1
Project("{9A19103F-16F7-4668-BE54-9A1E7A4F7556}") = "NewsSite.UI", "WebApplication1\NewsSite.UI.csproj", "{11DEB7E3-A2F8-4149-99EA-606A6FF0D9CD}"
EndProject
Project("{9A19103F-16F7-4668-BE54-9A1E7A4F7556}") = "NewsSite.BL", "NewsSite.BL\NewsSite.BL.csproj", "{3D590DBA-9278-49A4-8B24-212991FB461C}"
EndProject
Project("{9A19103F-16F7-4668-BE54-9A1E7A4F7556}") = "NewsSite.Entities", "NewsSite.Domain\NewsSite.Entities.csproj", "{E27DAE94-75A4-4FDD-A138-5295616F4A9E}"
EndProject
Project("{9A19103F-16F7-4668-BE54-9A1E7A4F7556}") = "NewsSite.Tests", "NewsSite.XUnitTests\NewsSite.Tests.csproj", "{B1BD05FD-782D-49EE-8EBD-3B6944067E3E}"
EndProject
Project("{FAE04EC0-301F-11D3-BF4B-00C04F79EFBC}") = "NewsSite.BlazorUI", "NewsSite.BlazorUI\NewsSite.BlazorUI.csproj", "{23D40C43-EC3D-4DD2-A3D8-6EEE8FAF1EB8}"
EndProject
Global
	GlobalSection(SolutionConfigurationPlatforms) = preSolution
		Debug|Any CPU = Debug|Any CPU
		Release|Any CPU = Release|Any CPU
	EndGlobalSection
	GlobalSection(ProjectConfigurationPlatforms) = postSolution
		{11DEB7E3-A2F8-4149-99EA-606A6FF0D9CD}.Debug|Any CPU.ActiveCfg = Debug|Any CPU
		{11DEB7E3-A2F8-4149-99EA-606A6FF0D9CD}.Debug|Any CPU.Build.0 = Debug|Any CPU
		{11DEB7E3-A2F8-4149-99EA-606A6FF0D9CD}.Release|Any CPU.ActiveCfg = Release|Any CPU
		{11DEB7E3-A2F8-4149-99EA-606A6FF0D9CD}.Release|Any CPU.Build.0 = Release|Any CPU
		{3D590DBA-9278-49A4-8B24-212991FB461C}.Debug|Any CPU.ActiveCfg = Debug|Any CPU
		{3D590DBA-9278-49A4-8B24-212991FB461C}.Debug|Any CPU.Build.0 = Debug|Any CPU
		{3D590DBA-9278-49A4-8B24-212991FB461C}.Release|Any CPU.ActiveCfg = Release|Any CPU
		{3D590DBA-9278-49A4-8B24-212991FB461C}.Release|Any CPU.Build.0 = Release|Any CPU
		{E27DAE94-75A4-4FDD-A138-5295616F4A9E}.Debug|Any CPU.ActiveCfg = Debug|Any CPU
		{E27DAE94-75A4-4FDD-A138-5295616F4A9E}.Debug|Any CPU.Build.0 = Debug|Any CPU
		{E27DAE94-75A4-4FDD-A138-5295616F4A9E}.Release|Any CPU.ActiveCfg = Release|Any CPU
		{E27DAE94-75A4-4FDD-A138-5295616F4A9E}.Release|Any CPU.Build.0 = Release|Any CPU
		{B1BD05FD-782D-49EE-8EBD-3B6944067E3E}.Debug|Any CPU.ActiveCfg = Debug|Any CPU
		{B1BD05FD-782D-49EE-8EBD-3B6944067E3E}.Debug|Any CPU.Build.0 = Debug|Any CPU
		{B1BD05FD-782D-49EE-8EBD-3B6944067E3E}.Release|Any CPU.ActiveCfg = Release|Any CPU
		{B1BD05FD-782D-49EE-8EBD-3B6944067E3E}.Release|Any CPU.Build.0 = Release|Any CPU
		{23D40C43-EC3D-4DD2-A3D8-6EEE8FAF1EB8}.Debug|Any CPU.ActiveCfg = Debug|Any CPU
		{23D40C43-EC3D-4DD2-A3D8-6EEE8FAF1EB8}.Debug|Any CPU.Build.0 = Debug|Any CPU
		{23D40C43-EC3D-4DD2-A3D8-6EEE8FAF1EB8}.Release|Any CPU.ActiveCfg = Release|Any CPU
		{23D40C43-EC3D-4DD2-A3D8-6EEE8FAF1EB8}.Release|Any CPU.Build.0 = Release|Any CPU
	EndGlobalSection
	GlobalSection(SolutionProperties) = preSolution
		HideSolutionNode = FALSE
	EndGlobalSection
	GlobalSection(ExtensibilityGlobals) = postSolution
		SolutionGuid = {CF294C2A-C4F3-4703-87A0-C0F68C3A84A5}
	EndGlobalSection
EndGlobal
